version = 1
revision = 5
requires-python = ">=3.14"

[[package]]
name = "fitdecode"
version = "0.11.0"
source = { registry = "https://pypi.org/simple" }
sdist = { url = "https://files.pythonhosted.org/packages/87/19/1bde056f443d8ce890dbc0f0bd8a216cc9ebfda4221619767f80cf1835e2/fitdecode-0.11.0.tar.gz", hash = "sha256:52d920e50eaa76eb065b20bfd4e42f72195e894a079098dacc1cafa908cd4b83", size = 107149, upload-time = "2025-08-06T08:08:42.105Z" }
wheels = [
    { url = "https://files.pythonhosted.org/packages/7b/7b/75829f9b77b2546f955ec265de10de993939bf3218b5d957ca79803a2d28/fitdecode-0.11.0-py3-none-any.whl", hash = "sha256:a1bdb9b4d1e9ebac0001fc58c22fe07a3f9967ca4e13258c6ef99cdb8d697a78", size = 109961, upload-time = "2025-08-06T08:08:39.033Z" },
]

[[package]]
name = "summitbook"
version = "0.1.0"
source = { editable = "." }
dependencies = [
    { name = "fitdecode" },
]

[package.metadata]
requires-dist = [{ name = "fitdecode", specifier = ">=0.11.0" }]
